Microsoft Visual Studio Solution File, Format Version 11.00
# Visual Studio 2008

Project("{8AE3885A-5E0D-C688-C6DF-31A6545AA1C1}") = "genericPrototype", "Assembly-CSharp.csproj", "{DA03151E-5474-5C03-22D4-E60EC0F4369C}"
EndProject
Global
	GlobalSection(SolutionConfigurationPlatforms) = preSolution
		Debug|Any CPU = Debug|Any CPU
		Release|Any CPU = Release|Any CPU
	EndGlobalSection
	GlobalSection(ProjectConfigurationPlatforms) = postSolution
		{DA03151E-5474-5C03-22D4-E60EC0F4369C}.Debug|Any CPU.ActiveCfg = Debug|Any CPU
		{DA03151E-5474-5C03-22D4-E60EC0F4369C}.Debug|Any CPU.Build.0 = Debug|Any CPU
		{DA03151E-5474-5C03-22D4-E60EC0F4369C}.Release|Any CPU.ActiveCfg = Release|Any CPU
		{DA03151E-5474-5C03-22D4-E60EC0F4369C}.Release|Any CPU.Build.0 = Release|Any CPU
	EndGlobalSection
	GlobalSection(SolutionProperties) = preSolution
		HideSolutionNode = FALSE
	EndGlobalSection
	GlobalSection(MonoDevelopProperties) = preSolution
		StartupItem = Assembly-CSharp.csproj
	EndGlobalSection
EndGlobal
