
Microsoft Visual Studio Solution File, Format Version 11.00
# Visual Studio 2010
Project("{FAE04EC0-301F-11D3-BF4B-00C04F79EFBC}") = "genericPrototype", "Assembly-CSharp.csproj", "{DA03151E-5474-5C03-22D4-E60EC0F4369C}"
EndProject
Project("{FAE04EC0-301F-11D3-BF4B-00C04F79EFBC}") = "genericPrototype", "Assembly-CSharp-Editor.csproj", "{12525463-A411-720D-C381-359136974E43}"
EndProject
Global
	GlobalSection(SolutionConfigurationPlatforms) = preSolution
		Debug|Any CPU = Debug|Any CPU
		Release|Any CPU = Release|Any CPU
	EndGlobalSection
	GlobalSection(ProjectConfigurationPlatforms) = postSolution
		{DA03151E-5474-5C03-22D4-E60EC0F4369C}.Debug|Any CPU.ActiveCfg = Debug|Any CPU
		{DA03151E-5474-5C03-22D4-E60EC0F4369C}.Debug|Any CPU.Build.0 = Debug|Any CPU
		{DA03151E-5474-5C03-22D4-E60EC0F4369C}.Release|Any CPU.ActiveCfg = Release|Any CPU
		{DA03151E-5474-5C03-22D4-E60EC0F4369C}.Release|Any CPU.Build.0 = Release|Any CPU
		{12525463-A411-720D-C381-359136974E43}.Debug|Any CPU.ActiveCfg = Debug|Any CPU
		{12525463-A411-720D-C381-359136974E43}.Debug|Any CPU.Build.0 = Debug|Any CPU
		{12525463-A411-720D-C381-359136974E43}.Release|Any CPU.ActiveCfg = Release|Any CPU
		{12525463-A411-720D-C381-359136974E43}.Release|Any CPU.Build.0 = Release|Any CPU
	EndGlobalSection
	GlobalSection(SolutionProperties) = preSolution
		HideSolutionNode = FALSE
	EndGlobalSection
	GlobalSection(MonoDevelopProperties) = preSolution
		StartupItem = Assembly-CSharp.csproj
	EndGlobalSection
EndGlobal
